<Solution>
  <Folder Name="/.root/">
    <File Path="../LICENSE" />
    <File Path="../README.md" />
  </Folder>
  <Project Path="Ires.Api/Ires.Api.csproj" />
  <Project Path="Ires.AppHost/Ires.AppHost.csproj" />
  <Project Path="Ires.Data/Ires.Data.csproj" />
  <Project Path="Ires.MigrationService/Ires.MigrationService.csproj" />
  <Project Path="Ires.ServiceDefaults/Ires.ServiceDefaults.csproj" />
</Solution>
